<?xml version="1.0" encoding="utf-8"?>
<Project ToolsVersion="4.0" xmlns="http://schemas.microsoft.com/developer/msbuild/2003">
  <ItemGroup>
    <Filter Include="Source Files">
      <UniqueIdentifier>{4FC737F1-C7A5-4376-A066-2A32D752A2FF}</UniqueIdentifier>
      <Extensions>cpp;c;cc;cxx;c++;cppm;ixx;def;odl;idl;hpj;bat;asm;asmx</Extensions>
    </Filter>
    <Filter Include="Header Files">
      <UniqueIdentifier>{93995380-89BD-4b04-88EB-625FBE52EBFB}</UniqueIdentifier>
      <Extensions>h;hh;hpp;hxx;h++;hm;inl;inc;ipp;xsd</Extensions>
    </Filter>
    <Filter Include="Resource Files">
      <UniqueIdentifier>{67DA6AB6-F800-4c08-8B7A-83BB121AAD01}</UniqueIdentifier>
      <Extensions>rc;ico;cur;bmp;dlg;rc2;rct;bin;rgs;gif;jpg;jpeg;jpe;resx;tiff;tif;png;wav;mfcribbon-ms</Extensions>
    </Filter>
    <Filter Include="Source Files\Window">
      <UniqueIdentifier>{8ee06196-20e8-48ac-aa24-aa5b049e3719}</UniqueIdentifier>
    </Filter>
    <Filter Include="Source Files\Window\ImGui">
      <UniqueIdentifier>{06e1c027-dbb6-46b7-8c63-114a9fa2a851}</UniqueIdentifier>
    </Filter>
    <Filter Include="Source Files\VideoLibrary">
      <UniqueIdentifier>{20dfd391-5ad9-4b9d-b950-162e30eb566c}</UniqueIdentifier>
    </Filter>
    <Filter Include="Source Files\NodeJs">
      <UniqueIdentifier>{63ce4547-f157-4442-9937-2eda689fff42}</UniqueIdentifier>
    </Filter>
  </ItemGroup>
  <ItemGroup>
    <ClCompile Include="RYTServer.cpp">
      <Filter>Source Files</Filter>
    </ClCompile>
    <ClCompile Include="CTcpListener.cpp">
      <Filter>Source Files</Filter>
    </ClCompile>
    <ClCompile Include="Encoder.cpp">
      <Filter>Source Files</Filter>
    </ClCompile>
    <ClCompile Include="imgui_impl_opengl3.cpp">
      <Filter>Source Files\Window\ImGui</Filter>
    </ClCompile>
    <ClCompile Include="imgui_impl_win32.cpp">
      <Filter>Source Files\Window\ImGui</Filter>
    </ClCompile>
    <ClCompile Include="imgui.cpp">
      <Filter>Source Files\Window\ImGui</Filter>
    </ClCompile>
    <ClCompile Include="imgui_draw.cpp">
      <Filter>Source Files\Window\ImGui</Filter>
    </ClCompile>
    <ClCompile Include="imgui_tables.cpp">
      <Filter>Source Files\Window\ImGui</Filter>
    </ClCompile>
    <ClCompile Include="imgui_widgets.cpp">
      <Filter>Source Files\Window\ImGui</Filter>
    </ClCompile>
    <ClCompile Include="Window.cpp">
      <Filter>Source Files\Window</Filter>
    </ClCompile>
    <ClCompile Include="imgui_impl_glfw.cpp">
      <Filter>Source Files\Window\ImGui</Filter>
    </ClCompile>
    <ClCompile Include="imgui_demo.cpp">
      <Filter>Source Files\Window\ImGui</Filter>
    </ClCompile>
    <ClCompile Include="VideoImporter.cpp">
      <Filter>Source Files\VideoLibrary</Filter>
    </ClCompile>
    <ClCompile Include="Trie.cpp">
      <Filter>Source Files\VideoLibrary</Filter>
    </ClCompile>
  </ItemGroup>
  <ItemGroup>
    <ClInclude Include="CTcpListener.h">
      <Filter>Source Files</Filter>
    </ClInclude>
    <ClInclude Include="Encoder.h">
      <Filter>Source Files</Filter>
    </ClInclude>
    <ClInclude Include="imgui_impl_opengl3.h">
      <Filter>Source Files\Window\ImGui</Filter>
    </ClInclude>
    <ClInclude Include="imgui_impl_opengl3_loader.h">
      <Filter>Source Files\Window\ImGui</Filter>
    </ClInclude>
    <ClInclude Include="imgui_impl_win32.h">
      <Filter>Source Files\Window\ImGui</Filter>
    </ClInclude>
    <ClInclude Include="imgui.h">
      <Filter>Source Files\Window\ImGui</Filter>
    </ClInclude>
    <ClInclude Include="imgui_internal.h">
      <Filter>Source Files\Window\ImGui</Filter>
    </ClInclude>
    <ClInclude Include="imconfig.h">
      <Filter>Source Files\Window\ImGui</Filter>
    </ClInclude>
    <ClInclude Include="imstb_rectpack.h">
      <Filter>Source Files\Window\ImGui</Filter>
    </ClInclude>
    <ClInclude Include="imstb_textedit.h">
      <Filter>Source Files\Window\ImGui</Filter>
    </ClInclude>
    <ClInclude Include="imstb_truetype.h">
      <Filter>Source Files\Window\ImGui</Filter>
    </ClInclude>
    <ClInclude Include="Window.h">
      <Filter>Source Files\Window</Filter>
    </ClInclude>
    <ClInclude Include="imgui_impl_glfw.h">
      <Filter>Source Files\Window\ImGui</Filter>
    </ClInclude>
    <ClInclude Include="VideoImporter.h">
      <Filter>Source Files\VideoLibrary</Filter>
    </ClInclude>
    <ClInclude Include="Trie.h">
      <Filter>Source Files\VideoLibrary</Filter>
    </ClInclude>
  </ItemGroup>
</Project>